
Microsoft Visual Studio Solution File, Format Version 12.00
# Visual Studio Version 17
VisualStudioVersion = 17.8.34511.84
MinimumVisualStudioVersion = 10.0.40219.1
Project("{FAE04EC0-301F-11D3-BF4B-00C04F79EFBC}") = "Lab 0 Basics", "Lab 0 Basics.csproj", "{86EF99DF-DEAF-4758-8D5C-1CD37D36E7E4}"
EndProject
Global
	GlobalSection(SolutionConfigurationPlatforms) = preSolution
		Debug|Any CPU = Debug|Any CPU
		Release|Any CPU = Release|Any CPU
	EndGlobalSection
	GlobalSection(ProjectConfigurationPlatforms) = postSolution
		{86EF99DF-DEAF-4758-8D5C-1CD37D36E7E4}.Debug|Any CPU.ActiveCfg = Debug|Any CPU
		{86EF99DF-DEAF-4758-8D5C-1CD37D36E7E4}.Debug|Any CPU.Build.0 = Debug|Any CPU
		{86EF99DF-DEAF-4758-8D5C-1CD37D36E7E4}.Release|Any CPU.ActiveCfg = Release|Any CPU
		{86EF99DF-DEAF-4758-8D5C-1CD37D36E7E4}.Release|Any CPU.Build.0 = Release|Any CPU
	EndGlobalSection
	GlobalSection(SolutionProperties) = preSolution
		HideSolutionNode = FALSE
	EndGlobalSection
	GlobalSection(ExtensibilityGlobals) = postSolution
		SolutionGuid = {9BCB5CBF-533D-466C-A89C-4C20F1D0FFA1}
	EndGlobalSection
EndGlobal
